
Microsoft Visual Studio Solution File, Format Version 12.00
# Visual Studio 15
VisualStudioVersion = 15.0.27004.2009
MinimumVisualStudioVersion = 10.0.40219.1
Project("{FAE04EC0-301F-11D3-BF4B-00C04F79EFBC}") = "DeviceProber", "DeviceProber\DeviceProber.csproj", "{69C6DE19-A1F2-4D8F-BCAC-7638B762B2B3}"
EndProject
Global
	GlobalSection(SolutionConfigurationPlatforms) = preSolution
		Debug|Any CPU = Debug|Any CPU
		Release|Any CPU = Release|Any CPU
	EndGlobalSection
	GlobalSection(ProjectConfigurationPlatforms) = postSolution
		{69C6DE19-A1F2-4D8F-BCAC-7638B762B2B3}.Debug|Any CPU.ActiveCfg = Debug|Any CPU
		{69C6DE19-A1F2-4D8F-BCAC-7638B762B2B3}.Debug|Any CPU.Build.0 = Debug|Any CPU
		{69C6DE19-A1F2-4D8F-BCAC-7638B762B2B3}.Release|Any CPU.ActiveCfg = Release|Any CPU
		{69C6DE19-A1F2-4D8F-BCAC-7638B762B2B3}.Release|Any CPU.Build.0 = Release|Any CPU
	EndGlobalSection
	GlobalSection(SolutionProperties) = preSolution
		HideSolutionNode = FALSE
	EndGlobalSection
	GlobalSection(ExtensibilityGlobals) = postSolution
		SolutionGuid = {2881A899-25CA-4DEB-8252-B9AD8E19611A}
	EndGlobalSection
EndGlobal
